// !$*UTF8*$!
{
	archiveVersion = 1;
	classes = {
	};
	objectVersion = 46;
	objects = {

/* Begin PBXBuildFile section */
		C3AA1F56760A8421E187038C /* Pods_Simple_Times_Table_Game.framework in Frameworks */ = {isa = PBXBuildFile; fileRef = 07AEE9D6DF5DDB2954E0128A /* Pods_Simple_Times_Table_Game.framework */; };
		F5486A1E206D87F700A35B2F /* Podfile in Resources */ = {isa = PBXBuildFile; fileRef = F5486A1D206D87F700A35B2F /* Podfile */; };
		F5486A24206DB23E00A35B2F /* GoogleService-Info.plist in Resources */ = {isa = PBXBuildFile; fileRef = F5486A23206DB23E00A35B2F /* GoogleService-Info.plist */; };
		F55AFE37206D50D800DCBCD0 /* AdSupport.framework in Frameworks */ = {isa = PBXBuildFile; fileRef = F55AFE36206D50D800DCBCD0 /* AdSupport.framework */; };
		F55AFE39206D50E400DCBCD0 /* AudioToolbox.framework in Frameworks */ = {isa = PBXBuildFile; fileRef = F55AFE38206D50E400DCBCD0 /* AudioToolbox.framework */; };
		F55AFE3B206D50EE00DCBCD0 /* AVFoundation.framework in Frameworks */ = {isa = PBXBuildFile; fileRef = F55AFE3A206D50EE00DCBCD0 /* AVFoundation.framework */; };
		F55AFE3D206D50F800DCBCD0 /* CoreGraphics.framework in Frameworks */ = {isa = PBXBuildFile; fileRef = F55AFE3C206D50F800DCBCD0 /* CoreGraphics.framework */; };
		F55AFE3F206D510200DCBCD0 /* CoreTelephony.framework in Frameworks */ = {isa = PBXBuildFile; fileRef = F55AFE3E206D510200DCBCD0 /* CoreTelephony.framework */; };
		F55AFE42206D511300DCBCD0 /* EventKit.framework in Frameworks */ = {isa = PBXBuildFile; fileRef = F55AFE40206D511300DCBCD0 /* EventKit.framework */; };
		F55AFE43206D511300DCBCD0 /* EventKitUI.framework in Frameworks */ = {isa = PBXBuildFile; fileRef = F55AFE41206D511300DCBCD0 /* EventKitUI.framework */; };
		F55AFE45206D511E00DCBCD0 /* MessageUI.framework in Frameworks */ = {isa = PBXBuildFile; fileRef = F55AFE44206D511E00DCBCD0 /* MessageUI.framework */; };
		F55AFE47206D513600DCBCD0 /* SystemConfiguration.framework in Frameworks */ = {isa = PBXBuildFile; fileRef = F55AFE46206D513600DCBCD0 /* SystemConfiguration.framework */; };
		F55AFE4C206D579100DCBCD0 /* FullVersion.swift in Sources */ = {isa = PBXBuildFile; fileRef = F55AFE4A206D579100DCBCD0 /* FullVersion.swift */; };
		F55AFE4D206D579100DCBCD0 /* IAPHelper.swift in Sources */ = {isa = PBXBuildFile; fileRef = F55AFE4B206D579100DCBCD0 /* IAPHelper.swift */; };
		F55BBED52050EB76008F0DEE /* AirHorn.mp3 in Resources */ = {isa = PBXBuildFile; fileRef = F55BBED32050EB76008F0DEE /* AirHorn.mp3 */; };
		F55BBED62050EB76008F0DEE /* Tick.mp3 in Resources */ = {isa = PBXBuildFile; fileRef = F55BBED42050EB76008F0DEE /* Tick.mp3 */; };
		F568BF162051C859006DF904 /* begindataDelen.csv in Resources */ = {isa = PBXBuildFile; fileRef = F568BF152051C859006DF904 /* begindataDelen.csv */; };
		F568BF182051C878006DF904 /* begindataVermDelen.csv in Resources */ = {isa = PBXBuildFile; fileRef = F568BF172051C877006DF904 /* begindataVermDelen.csv */; };
		F568BF2920520835006DF904 /* Localizable.strings in Resources */ = {isa = PBXBuildFile; fileRef = F568BF2B20520835006DF904 /* Localizable.strings */; };
		F5B2D386204F26CC005B93C8 /* AppDelegate.swift in Sources */ = {isa = PBXBuildFile; fileRef = F5B2D385204F26CC005B93C8 /* AppDelegate.swift */; };
		F5B2D388204F26CC005B93C8 /* ViewController.swift in Sources */ = {isa = PBXBuildFile; fileRef = F5B2D387204F26CC005B93C8 /* ViewController.swift */; };
		F5B2D38B204F26CC005B93C8 /* Main.storyboard in Resources */ = {isa = PBXBuildFile; fileRef = F5B2D389204F26CC005B93C8 /* Main.storyboard */; };
		F5B2D38D204F26CC005B93C8 /* Assets.xcassets in Resources */ = {isa = PBXBuildFile; fileRef = F5B2D38C204F26CC005B93C8 /* Assets.xcassets */; };
		F5B2D390204F26CC005B93C8 /* LaunchScreen.storyboard in Resources */ = {isa = PBXBuildFile; fileRef = F5B2D38E204F26CC005B93C8 /* LaunchScreen.storyboard */; };
		F5B2D398204F4CAE005B93C8 /* ExerciseViewController.swift in Sources */ = {isa = PBXBuildFile; fileRef = F5B2D397204F4CAE005B93C8 /* ExerciseViewController.swift */; };
		F5B2D39C20503286005B93C8 /* TableCell.swift in Sources */ = {isa = PBXBuildFile; fileRef = F5B2D39B20503286005B93C8 /* TableCell.swift */; };
		F5B2D39F205034DD005B93C8 /* Datamodel.xcdatamodeld in Sources */ = {isa = PBXBuildFile; fileRef = F5B2D39D205034DD005B93C8 /* Datamodel.xcdatamodeld */; };
		F5B2D3A120503E49005B93C8 /* begindataVermenigvuldigen.csv in Resources */ = {isa = PBXBuildFile; fileRef = F5B2D3A020503E49005B93C8 /* begindataVermenigvuldigen.csv */; };
		F5EA52E82060829200E0CA13 /* StoreKit.framework in Frameworks */ = {isa = PBXBuildFile; fileRef = F5EA52E72060829200E0CA13 /* StoreKit.framework */; };
		F5EA52F0206A661F00E0CA13 /* Datamodel.sqlite in Resources */ = {isa = PBXBuildFile; fileRef = F5EA52ED206A661F00E0CA13 /* Datamodel.sqlite */; };
		F5EA52F1206A661F00E0CA13 /* Datamodel.sqlite-shm in Resources */ = {isa = PBXBuildFile; fileRef = F5EA52EE206A661F00E0CA13 /* Datamodel.sqlite-shm */; };
		F5EA52F2206A661F00E0CA13 /* Datamodel.sqlite-wal in Resources */ = {isa = PBXBuildFile; fileRef = F5EA52EF206A661F00E0CA13 /* Datamodel.sqlite-wal */; };
/* End PBXBuildFile section */

/* Begin PBXFileReference section */
		07AEE9D6DF5DDB2954E0128A /* Pods_Simple_Times_Table_Game.framework */ = {isa = PBXFileReference; explicitFileType = wrapper.framework; includeInIndex = 0; path = Pods_Simple_Times_Table_Game.framework; sourceTree = BUILT_PRODUCTS_DIR; };
		48C23EB0811E590E1D87E8E4 /* Pods-Simple Times Table Game.release.xcconfig */ = {isa = PBXFileReference; includeInIndex = 1; lastKnownFileType = text.xcconfig; name = "Pods-Simple Times Table Game.release.xcconfig"; path = "Pods/Target Support Files/Pods-Simple Times Table Game/Pods-Simple Times Table Game.release.xcconfig"; sourceTree = "<group>"; };
		5D197E9C7C15BE245E2FE38E /* Pods-Simple Times Table Game.debug.xcconfig */ = {isa = PBXFileReference; includeInIndex = 1; lastKnownFileType = text.xcconfig; name = "Pods-Simple Times Table Game.debug.xcconfig"; path = "Pods/Target Support Files/Pods-Simple Times Table Game/Pods-Simple Times Table Game.debug.xcconfig"; sourceTree = "<group>"; };
		F5486A1D206D87F700A35B2F /* Podfile */ = {isa = PBXFileReference; fileEncoding = 4; lastKnownFileType = text; path = Podfile; sourceTree = "<group>"; xcLanguageSpecificationIdentifier = xcode.lang.ruby; };
		F5486A1F206DA2C600A35B2F /* GoogleMobileAds.framework */ = {isa = PBXFileReference; lastKnownFileType = wrapper.framework; name = GoogleMobileAds.framework; path = "../../../Downloads/GoogleMobileAdsSdkiOS-7.30.0/GoogleMobileAds.framework"; sourceTree = "<group>"; };
		F5486A23206DB23E00A35B2F /* GoogleService-Info.plist */ = {isa = PBXFileReference; fileEncoding = 4; lastKnownFileType = text.plist.xml; path = "GoogleService-Info.plist"; sourceTree = "<group>"; };
		F55AFE34206D4DCB00DCBCD0 /* iAd.framework */ = {isa = PBXFileReference; lastKnownFileType = wrapper.framework; name = iAd.framework; path = System/Library/Frameworks/iAd.framework; sourceTree = SDKROOT; };
		F55AFE36206D50D800DCBCD0 /* AdSupport.framework */ = {isa = PBXFileReference; lastKnownFileType = wrapper.framework; name = AdSupport.framework; path = System/Library/Frameworks/AdSupport.framework; sourceTree = SDKROOT; };
		F55AFE38206D50E400DCBCD0 /* AudioToolbox.framework */ = {isa = PBXFileReference; lastKnownFileType = wrapper.framework; name = AudioToolbox.framework; path = System/Library/Frameworks/AudioToolbox.framework; sourceTree = SDKROOT; };
		F55AFE3A206D50EE00DCBCD0 /* AVFoundation.framework */ = {isa = PBXFileReference; lastKnownFileType = wrapper.framework; name = AVFoundation.framework; path = System/Library/Frameworks/AVFoundation.framework; sourceTree = SDKROOT; };
		F55AFE3C206D50F800DCBCD0 /* CoreGraphics.framework */ = {isa = PBXFileReference; lastKnownFileType = wrapper.framework; name = CoreGraphics.framework; path = System/Library/Frameworks/CoreGraphics.framework; sourceTree = SDKROOT; };
		F55AFE3E206D510200DCBCD0 /* CoreTelephony.framework */ = {isa = PBXFileReference; lastKnownFileType = wrapper.framework; name = CoreTelephony.framework; path = System/Library/Frameworks/CoreTelephony.framework; sourceTree = SDKROOT; };
		F55AFE40206D511300DCBCD0 /* EventKit.framework */ = {isa = PBXFileReference; lastKnownFileType = wrapper.framework; name = EventKit.framework; path = System/Library/Frameworks/EventKit.framework; sourceTree = SDKROOT; };
		F55AFE41206D511300DCBCD0 /* EventKitUI.framework */ = {isa = PBXFileReference; lastKnownFileType = wrapper.framework; name = EventKitUI.framework; path = System/Library/Frameworks/EventKitUI.framework; sourceTree = SDKROOT; };
		F55AFE44206D511E00DCBCD0 /* MessageUI.framework */ = {isa = PBXFileReference; lastKnownFileType = wrapper.framework; name = MessageUI.framework; path = System/Library/Frameworks/MessageUI.framework; sourceTree = SDKROOT; };
		F55AFE46206D513600DCBCD0 /* SystemConfiguration.framework */ = {isa = PBXFileReference; lastKnownFileType = wrapper.framework; name = SystemConfiguration.framework; path = System/Library/Frameworks/SystemConfiguration.framework; sourceTree = SDKROOT; };
		F55AFE48206D540E00DCBCD0 /* GoogleMobileAds.framework */ = {isa = PBXFileReference; lastKnownFileType = wrapper.framework; name = GoogleMobileAds.framework; path = "Simple Times Table Game/GoogleMobileAds.framework"; sourceTree = "<group>"; };
		F55AFE4A206D579100DCBCD0 /* FullVersion.swift */ = {isa = PBXFileReference; fileEncoding = 4; lastKnownFileType = sourcecode.swift; path = FullVersion.swift; sourceTree = "<group>"; };
		F55AFE4B206D579100DCBCD0 /* IAPHelper.swift */ = {isa = PBXFileReference; fileEncoding = 4; lastKnownFileType = sourcecode.swift; path = IAPHelper.swift; sourceTree = "<group>"; };
		F55AFE4E206D57B800DCBCD0 /* GoogleMobileAds.framework */ = {isa = PBXFileReference; lastKnownFileType = wrapper.framework; path = GoogleMobileAds.framework; sourceTree = "<group>"; };
		F55BBED32050EB76008F0DEE /* AirHorn.mp3 */ = {isa = PBXFileReference; lastKnownFileType = audio.mp3; path = AirHorn.mp3; sourceTree = "<group>"; };
		F55BBED42050EB76008F0DEE /* Tick.mp3 */ = {isa = PBXFileReference; lastKnownFileType = audio.mp3; path = Tick.mp3; sourceTree = "<group>"; };
		F568BF152051C859006DF904 /* begindataDelen.csv */ = {isa = PBXFileReference; fileEncoding = 4; lastKnownFileType = text; path = begindataDelen.csv; sourceTree = "<group>"; };
		F568BF172051C877006DF904 /* begindataVermDelen.csv */ = {isa = PBXFileReference; fileEncoding = 4; lastKnownFileType = text; path = begindataVermDelen.csv; sourceTree = "<group>"; };
		F568BF2520520748006DF904 /* nl */ = {isa = PBXFileReference; lastKnownFileType = text.plist.strings; name = nl; path = nl.lproj/Main.strings; sourceTree = "<group>"; };
		F568BF262052074D006DF904 /* nl */ = {isa = PBXFileReference; lastKnownFileType = text.plist.strings; name = nl; path = nl.lproj/LaunchScreen.strings; sourceTree = "<group>"; };
		F568BF2A20520835006DF904 /* nl */ = {isa = PBXFileReference; lastKnownFileType = text.plist.strings; name = nl; path = nl.lproj/Localizable.strings; sourceTree = "<group>"; };
		F568BF2C20520845006DF904 /* Base */ = {isa = PBXFileReference; lastKnownFileType = text.plist.strings; name = Base; path = Base.lproj/Localizable.strings; sourceTree = "<group>"; };
		F5B2D382204F26CB005B93C8 /* Simple Times Table Game.app */ = {isa = PBXFileReference; explicitFileType = wrapper.application; includeInIndex = 0; path = "Simple Times Table Game.app"; sourceTree = BUILT_PRODUCTS_DIR; };
		F5B2D385204F26CC005B93C8 /* AppDelegate.swift */ = {isa = PBXFileReference; lastKnownFileType = sourcecode.swift; path = AppDelegate.swift; sourceTree = "<group>"; };
		F5B2D387204F26CC005B93C8 /* ViewController.swift */ = {isa = PBXFileReference; lastKnownFileType = sourcecode.swift; path = ViewController.swift; sourceTree = "<group>"; };
		F5B2D38A204F26CC005B93C8 /* Base */ = {isa = PBXFileReference; lastKnownFileType = file.storyboard; name = Base; path = Base.lproj/Main.storyboard; sourceTree = "<group>"; };
		F5B2D38C204F26CC005B93C8 /* Assets.xcassets */ = {isa = PBXFileReference; lastKnownFileType = folder.assetcatalog; path = Assets.xcassets; sourceTree = "<group>"; };
		F5B2D38F204F26CC005B93C8 /* Base */ = {isa = PBXFileReference; lastKnownFileType = file.storyboard; name = Base; path = Base.lproj/LaunchScreen.storyboard; sourceTree = "<group>"; };
		F5B2D391204F26CC005B93C8 /* Info.plist */ = {isa = PBXFileReference; lastKnownFileType = text.plist.xml; path = Info.plist; sourceTree = "<group>"; };
		F5B2D397204F4CAE005B93C8 /* ExerciseViewController.swift */ = {isa = PBXFileReference; fileEncoding = 4; lastKnownFileType = sourcecode.swift; path = ExerciseViewController.swift; sourceTree = "<group>"; };
		F5B2D39B20503286005B93C8 /* TableCell.swift */ = {isa = PBXFileReference; fileEncoding = 4; lastKnownFileType = sourcecode.swift; path = TableCell.swift; sourceTree = "<group>"; };
		F5B2D39E205034DD005B93C8 /* Datamodel.xcdatamodel */ = {isa = PBXFileReference; lastKnownFileType = wrapper.xcdatamodel; path = Datamodel.xcdatamodel; sourceTree = "<group>"; };
		F5B2D3A020503E49005B93C8 /* begindataVermenigvuldigen.csv */ = {isa = PBXFileReference; fileEncoding = 4; lastKnownFileType = text; path = begindataVermenigvuldigen.csv; sourceTree = "<group>"; };
		F5EA52E72060829200E0CA13 /* StoreKit.framework */ = {isa = PBXFileReference; lastKnownFileType = wrapper.framework; name = StoreKit.framework; path = System/Library/Frameworks/StoreKit.framework; sourceTree = SDKROOT; };
		F5EA52ED206A661F00E0CA13 /* Datamodel.sqlite */ = {isa = PBXFileReference; lastKnownFileType = file; path = Datamodel.sqlite; sourceTree = "<group>"; };
		F5EA52EE206A661F00E0CA13 /* Datamodel.sqlite-shm */ = {isa = PBXFileReference; lastKnownFileType = file; path = "Datamodel.sqlite-shm"; sourceTree = "<group>"; };
		F5EA52EF206A661F00E0CA13 /* Datamodel.sqlite-wal */ = {isa = PBXFileReference; lastKnownFileType = file; path = "Datamodel.sqlite-wal"; sourceTree = "<group>"; };
/* End PBXFileReference section */

/* Begin PBXFrameworksBuildPhase section */
		F5B2D37F204F26CB005B93C8 /* Frameworks */ = {
			isa = PBXFrameworksBuildPhase;
			buildActionMask = 2147483647;
			files = (
				F55AFE47206D513600DCBCD0 /* SystemConfiguration.framework in Frameworks */,
				F5EA52E82060829200E0CA13 /* StoreKit.framework in Frameworks */,
				F55AFE45206D511E00DCBCD0 /* MessageUI.framework in Frameworks */,
				F55AFE42206D511300DCBCD0 /* EventKit.framework in Frameworks */,
				F55AFE43206D511300DCBCD0 /* EventKitUI.framework in Frameworks */,
				F55AFE3F206D510200DCBCD0 /* CoreTelephony.framework in Frameworks */,
				F55AFE3D206D50F800DCBCD0 /* CoreGraphics.framework in Frameworks */,
				F55AFE3B206D50EE00DCBCD0 /* AVFoundation.framework in Frameworks */,
				F55AFE39206D50E400DCBCD0 /* AudioToolbox.framework in Frameworks */,
				F55AFE37206D50D800DCBCD0 /* AdSupport.framework in Frameworks */,
				C3AA1F56760A8421E187038C /* Pods_Simple_Times_Table_Game.framework in Frameworks */,
			);
			runOnlyForDeploymentPostprocessing = 0;
		};
/* End PBXFrameworksBuildPhase section */

/* Begin PBXGroup section */
		6BFE5574D5FAFA4603AAAB2C /* Pods */ = {
			isa = PBXGroup;
			children = (
				5D197E9C7C15BE245E2FE38E /* Pods-Simple Times Table Game.debug.xcconfig */,
				48C23EB0811E590E1D87E8E4 /* Pods-Simple Times Table Game.release.xcconfig */,
			);
			name = Pods;
			sourceTree = "<group>";
		};
		F55BBED72050EB7E008F0DEE /* Sounds */ = {
			isa = PBXGroup;
			children = (
				F55BBED32050EB76008F0DEE /* AirHorn.mp3 */,
				F55BBED42050EB76008F0DEE /* Tick.mp3 */,
			);
			name = Sounds;
			sourceTree = "<group>";
		};
		F5B2D379204F26CB005B93C8 = {
			isa = PBXGroup;
			children = (
				F5486A1D206D87F700A35B2F /* Podfile */,
				F5486A23206DB23E00A35B2F /* GoogleService-Info.plist */,
				F568BF2B20520835006DF904 /* Localizable.strings */,
				F5B2D384204F26CB005B93C8 /* Simple Times Table Game */,
				F5B2D383204F26CB005B93C8 /* Products */,
				F5EA52E62060829200E0CA13 /* Frameworks */,
				6BFE5574D5FAFA4603AAAB2C /* Pods */,
			);
			sourceTree = "<group>";
		};
		F5B2D383204F26CB005B93C8 /* Products */ = {
			isa = PBXGroup;
			children = (
				F5B2D382204F26CB005B93C8 /* Simple Times Table Game.app */,
			);
			name = Products;
			sourceTree = "<group>";
		};
		F5B2D384204F26CB005B93C8 /* Simple Times Table Game */ = {
			isa = PBXGroup;
			children = (
				F5EA52ED206A661F00E0CA13 /* Datamodel.sqlite */,
				F5EA52EE206A661F00E0CA13 /* Datamodel.sqlite-shm */,
				F5EA52EF206A661F00E0CA13 /* Datamodel.sqlite-wal */,
				F55BBED72050EB7E008F0DEE /* Sounds */,
				F5B2D3A020503E49005B93C8 /* begindataVermenigvuldigen.csv */,
				F568BF152051C859006DF904 /* begindataDelen.csv */,
				F568BF172051C877006DF904 /* begindataVermDelen.csv */,
				F5B2D39D205034DD005B93C8 /* Datamodel.xcdatamodeld */,
				F5B2D389204F26CC005B93C8 /* Main.storyboard */,
				F55AFE4A206D579100DCBCD0 /* FullVersion.swift */,
				F55AFE4B206D579100DCBCD0 /* IAPHelper.swift */,
				F5B2D385204F26CC005B93C8 /* AppDelegate.swift */,
				F5B2D387204F26CC005B93C8 /* ViewController.swift */,
				F5B2D397204F4CAE005B93C8 /* ExerciseViewController.swift */,
				F5B2D39B20503286005B93C8 /* TableCell.swift */,
				F5B2D38C204F26CC005B93C8 /* Assets.xcassets */,
				F5B2D38E204F26CC005B93C8 /* LaunchScreen.storyboard */,
				F5B2D391204F26CC005B93C8 /* Info.plist */,
			);
			path = "Simple Times Table Game";
			sourceTree = "<group>";
		};
		F5EA52E62060829200E0CA13 /* Frameworks */ = {
			isa = PBXGroup;
			children = (
				F5486A1F206DA2C600A35B2F /* GoogleMobileAds.framework */,
				F55AFE4E206D57B800DCBCD0 /* GoogleMobileAds.framework */,
				F55AFE48206D540E00DCBCD0 /* GoogleMobileAds.framework */,
				F55AFE46206D513600DCBCD0 /* SystemConfiguration.framework */,
				F55AFE44206D511E00DCBCD0 /* MessageUI.framework */,
				F55AFE40206D511300DCBCD0 /* EventKit.framework */,
				F55AFE41206D511300DCBCD0 /* EventKitUI.framework */,
				F55AFE3E206D510200DCBCD0 /* CoreTelephony.framework */,
				F55AFE3C206D50F800DCBCD0 /* CoreGraphics.framework */,
				F55AFE3A206D50EE00DCBCD0 /* AVFoundation.framework */,
				F55AFE38206D50E400DCBCD0 /* AudioToolbox.framework */,
				F55AFE36206D50D800DCBCD0 /* AdSupport.framework */,
				F55AFE34206D4DCB00DCBCD0 /* iAd.framework */,
				F5EA52E72060829200E0CA13 /* StoreKit.framework */,
				07AEE9D6DF5DDB2954E0128A /* Pods_Simple_Times_Table_Game.framework */,
			);
			name = Frameworks;
			sourceTree = "<group>";
		};
/* End PBXGroup section */

/* Begin PBXNativeTarget section */
		F5B2D381204F26CB005B93C8 /* Simple Times Table Game */ = {
			isa = PBXNativeTarget;
			buildConfigurationList = F5B2D394204F26CC005B93C8 /* Build configuration list for PBXNativeTarget "Simple Times Table Game" */;
			buildPhases = (
				4608D265B5DFE63CCD4E048D /* [CP] Check Pods Manifest.lock */,
				F5B2D37E204F26CB005B93C8 /* Sources */,
				F5B2D37F204F26CB005B93C8 /* Frameworks */,
				F5B2D380204F26CB005B93C8 /* Resources */,
				FDAA42544890F122E031F0EC /* [CP] Embed Pods Frameworks */,
				69D86D8E62083FE0EA1E8E14 /* [CP] Copy Pods Resources */,
			);
			buildRules = (
			);
			dependencies = (
			);
			name = "Simple Times Table Game";
			productName = "Simple Times Table Game";
			productReference = F5B2D382204F26CB005B93C8 /* Simple Times Table Game.app */;
			productType = "com.apple.product-type.application";
		};
/* End PBXNativeTarget section */

/* Begin PBXProject section */
		F5B2D37A204F26CB005B93C8 /* Project object */ = {
			isa = PBXProject;
			attributes = {
				KnownAssetTags = (
					1A,
					2A,
				);
				LastSwiftUpdateCheck = 0830;
				LastUpgradeCheck = 0830;
				ORGANIZATIONNAME = "PWS-apps";
				TargetAttributes = {
					F5B2D381204F26CB005B93C8 = {
						CreatedOnToolsVersion = 8.3.2;
						DevelopmentTeam = HUS279SULR;
						ProvisioningStyle = Automatic;
						SystemCapabilities = {
							com.apple.InAppPurchase = {
								enabled = 1;
							};
						};
					};
				};
			};
			buildConfigurationList = F5B2D37D204F26CB005B93C8 /* Build configuration list for PBXProject "Simple Times Table Game" */;
			compatibilityVersion = "Xcode 3.2";
			developmentRegion = English;
			hasScannedForEncodings = 0;
			knownRegions = (
				en,
				Base,
			);
			mainGroup = F5B2D379204F26CB005B93C8;
			productRefGroup = F5B2D383204F26CB005B93C8 /* Products */;
			projectDirPath = "";
			projectRoot = "";
			targets = (
				F5B2D381204F26CB005B93C8 /* Simple Times Table Game */,
			);
		};
/* End PBXProject section */

/* Begin PBXResourcesBuildPhase section */
		F5B2D380204F26CB005B93C8 /* Resources */ = {
			isa = PBXResourcesBuildPhase;
			buildActionMask = 2147483647;
			files = (
				F55BBED62050EB76008F0DEE /* Tick.mp3 in Resources */,
				F5EA52F0206A661F00E0CA13 /* Datamodel.sqlite in Resources */,
				F568BF2920520835006DF904 /* Localizable.strings in Resources */,
				F5B2D390204F26CC005B93C8 /* LaunchScreen.storyboard in Resources */,
				F5EA52F2206A661F00E0CA13 /* Datamodel.sqlite-wal in Resources */,
				F568BF162051C859006DF904 /* begindataDelen.csv in Resources */,
				F568BF182051C878006DF904 /* begindataVermDelen.csv in Resources */,
				F55BBED52050EB76008F0DEE /* AirHorn.mp3 in Resources */,
				F5B2D38D204F26CC005B93C8 /* Assets.xcassets in Resources */,
				F5486A1E206D87F700A35B2F /* Podfile in Resources */,
				F5B2D3A120503E49005B93C8 /* begindataVermenigvuldigen.csv in Resources */,
				F5B2D38B204F26CC005B93C8 /* Main.storyboard in Resources */,
				F5EA52F1206A661F00E0CA13 /* Datamodel.sqlite-shm in Resources */,
				F5486A24206DB23E00A35B2F /* GoogleService-Info.plist in Resources */,
			);
			runOnlyForDeploymentPostprocessing = 0;
		};
/* End PBXResourcesBuildPhase section */

/* Begin PBXShellScriptBuildPhase section */
		4608D265B5DFE63CCD4E048D /* [CP] Check Pods Manifest.lock */ = {
			isa = PBXShellScriptBuildPhase;
			buildActionMask = 2147483647;
			files = (
			);
			inputPaths = (
				"${PODS_PODFILE_DIR_PATH}/Podfile.lock",
				"${PODS_ROOT}/Manifest.lock",
			);
			name = "[CP] Check Pods Manifest.lock";
			outputPaths = (
				"$(DERIVED_FILE_DIR)/Pods-Simple Times Table Game-checkManifestLockResult.txt",
			);
			runOnlyForDeploymentPostprocessing = 0;
			shellPath = /bin/sh;
			shellScript = "diff \"${PODS_PODFILE_DIR_PATH}/Podfile.lock\" \"${PODS_ROOT}/Manifest.lock\" > /dev/null\nif [ $? != 0 ] ; then\n    # print error to STDERR\n    echo \"error: The sandbox is not in sync with the Podfile.lock. Run 'pod install' or update your CocoaPods installation.\" >&2\n    exit 1\nfi\n# This output is used by Xcode 'outputs' to avoid re-running this script phase.\necho \"SUCCESS\" > \"${SCRIPT_OUTPUT_FILE_0}\"\n";
			showEnvVarsInLog = 0;
		};
		69D86D8E62083FE0EA1E8E14 /* [CP] Copy Pods Resources */ = {
			isa = PBXShellScriptBuildPhase;
			buildActionMask = 2147483647;
			files = (
			);
			inputPaths = (
			);
			name = "[CP] Copy Pods Resources";
			outputPaths = (
			);
			runOnlyForDeploymentPostprocessing = 0;
			shellPath = /bin/sh;
			shellScript = "\"${SRCROOT}/Pods/Target Support Files/Pods-Simple Times Table Game/Pods-Simple Times Table Game-resources.sh\"\n";
			showEnvVarsInLog = 0;
		};
		FDAA42544890F122E031F0EC /* [CP] Embed Pods Frameworks */ = {
			isa = PBXShellScriptBuildPhase;
			buildActionMask = 2147483647;
			files = (
			);
			inputPaths = (
				"${SRCROOT}/Pods/Target Support Files/Pods-Simple Times Table Game/Pods-Simple Times Table Game-frameworks.sh",
				"${BUILT_PRODUCTS_DIR}/GoogleToolboxForMac/GoogleToolboxForMac.framework",
				"${BUILT_PRODUCTS_DIR}/nanopb/nanopb.framework",
			);
			name = "[CP] Embed Pods Frameworks";
			outputPaths = (
				"${TARGET_BUILD_DIR}/${FRAMEWORKS_FOLDER_PATH}/GoogleToolboxForMac.framework",
				"${TARGET_BUILD_DIR}/${FRAMEWORKS_FOLDER_PATH}/nanopb.framework",
			);
			runOnlyForDeploymentPostprocessing = 0;
			shellPath = /bin/sh;
			shellScript = "\"${SRCROOT}/Pods/Target Support Files/Pods-Simple Times Table Game/Pods-Simple Times Table Game-frameworks.sh\"\n";
			showEnvVarsInLog = 0;
		};
/* End PBXShellScriptBuildPhase section */

/* Begin PBXSourcesBuildPhase section */
		F5B2D37E204F26CB005B93C8 /* Sources */ = {
			isa = PBXSourcesBuildPhase;
			buildActionMask = 2147483647;
			files = (
				F5B2D388204F26CC005B93C8 /* ViewController.swift in Sources */,
				F5B2D398204F4CAE005B93C8 /* ExerciseViewController.swift in Sources */,
				F5B2D39C20503286005B93C8 /* TableCell.swift in Sources */,
				F5B2D39F205034DD005B93C8 /* Datamodel.xcdatamodeld in Sources */,
				F5B2D386204F26CC005B93C8 /* AppDelegate.swift in Sources */,
				F55AFE4D206D579100DCBCD0 /* IAPHelper.swift in Sources */,
				F55AFE4C206D579100DCBCD0 /* FullVersion.swift in Sources */,
			);
			runOnlyForDeploymentPostprocessing = 0;
		};
/* End PBXSourcesBuildPhase section */

/* Begin PBXVariantGroup section */
		F568BF2B20520835006DF904 /* Localizable.strings */ = {
			isa = PBXVariantGroup;
			children = (
				F568BF2A20520835006DF904 /* nl */,
				F568BF2C20520845006DF904 /* Base */,
			);
			name = Localizable.strings;
			sourceTree = "<group>";
		};
		F5B2D389204F26CC005B93C8 /* Main.storyboard */ = {
			isa = PBXVariantGroup;
			children = (
				F5B2D38A204F26CC005B93C8 /* Base */,
				F568BF2520520748006DF904 /* nl */,
			);
			name = Main.storyboard;
			sourceTree = "<group>";
		};
		F5B2D38E204F26CC005B93C8 /* LaunchScreen.storyboard */ = {
			isa = PBXVariantGroup;
			children = (
				F5B2D38F204F26CC005B93C8 /* Base */,
				F568BF262052074D006DF904 /* nl */,
			);
			name = LaunchScreen.storyboard;
			sourceTree = "<group>";
		};
/* End PBXVariantGroup section */

/* Begin XCBuildConfiguration section */
		F5B2D392204F26CC005B93C8 /* Debug */ = {
			isa = XCBuildConfiguration;
			buildSettings = {
				ALWAYS_SEARCH_USER_PATHS = NO;
				CLANG_ANALYZER_LOCALIZABILITY_NONLOCALIZED = YES;
				CLANG_ANALYZER_NONNULL = YES;
				CLANG_ANALYZER_NUMBER_OBJECT_CONVERSION = YES_AGGRESSIVE;
				CLANG_CXX_LANGUAGE_STANDARD = "gnu++0x";
				CLANG_CXX_LIBRARY = "libc++";
				CLANG_ENABLE_MODULES = YES;
				CLANG_ENABLE_OBJC_ARC = YES;
				CLANG_WARN_BOOL_CONVERSION = YES;
				CLANG_WARN_CONSTANT_CONVERSION = YES;
				CLANG_WARN_DIRECT_OBJC_ISA_USAGE = YES_ERROR;
				CLANG_WARN_DOCUMENTATION_COMMENTS = YES;
				CLANG_WARN_EMPTY_BODY = YES;
				CLANG_WARN_ENUM_CONVERSION = YES;
				CLANG_WARN_INFINITE_RECURSION = YES;
				CLANG_WARN_INT_CONVERSION = YES;
				CLANG_WARN_OBJC_ROOT_CLASS = YES_ERROR;
				CLANG_WARN_SUSPICIOUS_MOVE = YES;
				CLANG_WARN_UNREACHABLE_CODE = YES;
				CLANG_WARN__DUPLICATE_METHOD_MATCH = YES;
				"CODE_SIGN_IDENTITY[sdk=iphoneos*]" = "iPhone Developer";
				COPY_PHASE_STRIP = NO;
				DEBUG_INFORMATION_FORMAT = dwarf;
				ENABLE_STRICT_OBJC_MSGSEND = YES;
				ENABLE_TESTABILITY = YES;
				GCC_C_LANGUAGE_STANDARD = gnu99;
				GCC_DYNAMIC_NO_PIC = NO;
				GCC_NO_COMMON_BLOCKS = YES;
				GCC_OPTIMIZATION_LEVEL = 0;
				GCC_PREPROCESSOR_DEFINITIONS = (
					"DEBUG=1",
					"$(inherited)",
				);
				GCC_WARN_64_TO_32_BIT_CONVERSION = YES;
				GCC_WARN_ABOUT_RETURN_TYPE = YES_ERROR;
				GCC_WARN_UNDECLARED_SELECTOR = YES;
				GCC_WARN_UNINITIALIZED_AUTOS = YES_AGGRESSIVE;
				GCC_WARN_UNUSED_FUNCTION = YES;
				GCC_WARN_UNUSED_VARIABLE = YES;
				IPHONEOS_DEPLOYMENT_TARGET = 10.0;
				MTL_ENABLE_DEBUG_INFO = YES;
				ONLY_ACTIVE_ARCH = YES;
				SDKROOT = iphoneos;
				SWIFT_ACTIVE_COMPILATION_CONDITIONS = DEBUG;
				SWIFT_OPTIMIZATION_LEVEL = "-Onone";
				SWIFT_VERSION = 3.0;
				TARGETED_DEVICE_FAMILY = "1,2";
			};
			name = Debug;
		};
		F5B2D393204F26CC005B93C8 /* Release */ = {
			isa = XCBuildConfiguration;
			buildSettings = {
				ALWAYS_SEARCH_USER_PATHS = NO;
				CLANG_ANALYZER_LOCALIZABILITY_NONLOCALIZED = YES;
				CLANG_ANALYZER_NONNULL = YES;
				CLANG_ANALYZER_NUMBER_OBJECT_CONVERSION = YES_AGGRESSIVE;
				CLANG_CXX_LANGUAGE_STANDARD = "gnu++0x";
				CLANG_CXX_LIBRARY = "libc++";
				CLANG_ENABLE_MODULES = YES;
				CLANG_ENABLE_OBJC_ARC = YES;
				CLANG_WARN_BOOL_CONVERSION = YES;
				CLANG_WARN_CONSTANT_CONVERSION = YES;
				CLANG_WARN_DIRECT_OBJC_ISA_USAGE = YES_ERROR;
				CLANG_WARN_DOCUMENTATION_COMMENTS = YES;
				CLANG_WARN_EMPTY_BODY = YES;
				CLANG_WARN_ENUM_CONVERSION = YES;
				CLANG_WARN_INFINITE_RECURSION = YES;
				CLANG_WARN_INT_CONVERSION = YES;
				CLANG_WARN_OBJC_ROOT_CLASS = YES_ERROR;
				CLANG_WARN_SUSPICIOUS_MOVE = YES;
				CLANG_WARN_UNREACHABLE_CODE = YES;
				CLANG_WARN__DUPLICATE_METHOD_MATCH = YES;
				"CODE_SIGN_IDENTITY[sdk=iphoneos*]" = "iPhone Developer";
				COPY_PHASE_STRIP = NO;
				DEBUG_INFORMATION_FORMAT = "dwarf-with-dsym";
				ENABLE_NS_ASSERTIONS = NO;
				ENABLE_STRICT_OBJC_MSGSEND = YES;
				GCC_C_LANGUAGE_STANDARD = gnu99;
				GCC_NO_COMMON_BLOCKS = YES;
				GCC_WARN_64_TO_32_BIT_CONVERSION = YES;
				GCC_WARN_ABOUT_RETURN_TYPE = YES_ERROR;
				GCC_WARN_UNDECLARED_SELECTOR = YES;
				GCC_WARN_UNINITIALIZED_AUTOS = YES_AGGRESSIVE;
				GCC_WARN_UNUSED_FUNCTION = YES;
				GCC_WARN_UNUSED_VARIABLE = YES;
				IPHONEOS_DEPLOYMENT_TARGET = 10.0;
				MTL_ENABLE_DEBUG_INFO = NO;
				SDKROOT = iphoneos;
				SWIFT_OPTIMIZATION_LEVEL = "-Owholemodule";
				SWIFT_VERSION = 3.0;
				TARGETED_DEVICE_FAMILY = "1,2";
				VALIDATE_PRODUCT = YES;
			};
			name = Release;
		};
		F5B2D395204F26CC005B93C8 /* Debug */ = {
			isa = XCBuildConfiguration;
			baseConfigurationReference = 5D197E9C7C15BE245E2FE38E /* Pods-Simple Times Table Game.debug.xcconfig */;
			buildSettings = {
				ALWAYS_SEARCH_USER_PATHS = NO;
				ASSETCATALOG_COMPILER_APPICON_NAME = AppIcon;
				DEVELOPMENT_TEAM = HUS279SULR;
				FRAMEWORK_SEARCH_PATHS = "$(inherited)";
				INFOPLIST_FILE = "Simple Times Table Game/Info.plist";
				IPHONEOS_DEPLOYMENT_TARGET = 10.0;
				LD_RUNPATH_SEARCH_PATHS = "$(inherited) @executable_path/Frameworks";
				PRODUCT_BUNDLE_IDENTIFIER = "com.PWS-apps.SimpleTimesTableGame";
				PRODUCT_NAME = "$(TARGET_NAME)";
				SWIFT_VERSION = 3.0;
			};
			name = Debug;
		};
		F5B2D396204F26CC005B93C8 /* Release */ = {
			isa = XCBuildConfiguration;
			baseConfigurationReference = 48C23EB0811E590E1D87E8E4 /* Pods-Simple Times Table Game.release.xcconfig */;
			buildSettings = {
				ALWAYS_SEARCH_USER_PATHS = NO;
				ASSETCATALOG_COMPILER_APPICON_NAME = AppIcon;
				DEVELOPMENT_TEAM = HUS279SULR;
				FRAMEWORK_SEARCH_PATHS = "$(inherited)";
				INFOPLIST_FILE = "Simple Times Table Game/Info.plist";
				IPHONEOS_DEPLOYMENT_TARGET = 10.0;
				LD_RUNPATH_SEARCH_PATHS = "$(inherited) @executable_path/Frameworks";
				PRODUCT_BUNDLE_IDENTIFIER = "com.PWS-apps.SimpleTimesTableGame";
				PRODUCT_NAME = "$(TARGET_NAME)";
				SWIFT_VERSION = 3.0;
			};
			name = Release;
		};
/* End XCBuildConfiguration section */

/* Begin XCConfigurationList section */
		F5B2D37D204F26CB005B93C8 /* Build configuration list for PBXProject "Simple Times Table Game" */ = {
			isa = XCConfigurationList;
			buildConfigurations = (
				F5B2D392204F26CC005B93C8 /* Debug */,
				F5B2D393204F26CC005B93C8 /* Release */,
			);
			defaultConfigurationIsVisible = 0;
			defaultConfigurationName = Release;
		};
		F5B2D394204F26CC005B93C8 /* Build configuration list for PBXNativeTarget "Simple Times Table Game" */ = {
			isa = XCConfigurationList;
			buildConfigurations = (
				F5B2D395204F26CC005B93C8 /* Debug */,
				F5B2D396204F26CC005B93C8 /* Release */,
			);
			defaultConfigurationIsVisible = 0;
			defaultConfigurationName = Release;
		};
/* End XCConfigurationList section */

/* Begin XCVersionGroup section */
		F5B2D39D205034DD005B93C8 /* Datamodel.xcdatamodeld */ = {
			isa = XCVersionGroup;
			children = (
				F5B2D39E205034DD005B93C8 /* Datamodel.xcdatamodel */,
			);
			currentVersion = F5B2D39E205034DD005B93C8 /* Datamodel.xcdatamodel */;
			path = Datamodel.xcdatamodeld;
			sourceTree = "<group>";
			versionGroupType = wrapper.xcdatamodel;
		};
/* End XCVersionGroup section */
	};
	rootObject = F5B2D37A204F26CB005B93C8 /* Project object */;
}
